{
  "name": "iota-mam-experiment",
  "version": "1.0.0",
  "lockfileVersion": 1,
  "requires": true,
  "dependencies": {
    "gps": {
      "version": "0.5.3",
      "resolved": "https://registry.npmjs.org/gps/-/gps-0.5.3.tgz",
      "integrity": "sha512-uwOKGF+8cF9L++7WTtBH7fM+WiyJKyOmgl3yw0E/xeTIklzK4Nssw+dC/6CrCcsrZrrDWl8Wt5GRrjqjygIGiQ=="
    }
  }
}
